
Microsoft Visual Studio Solution File, Format Version 12.00
# Visual Studio 2012
Project("{FAE04EC0-301F-11D3-BF4B-00C04F79EFBC}") = "SQLCipherLib", "SQLCipherLib\SQLCipherLib.csproj", "{FC137338-4263-44BC-90B5-6F958A7E0297}"
EndProject
Project("{FAE04EC0-301F-11D3-BF4B-00C04F79EFBC}") = "SQLCipherTest", "SQLCipherTest\SQLCipherTest.csproj", "{0030ED71-9318-4A53-90CF-4CB5D366DA34}"
EndProject
Global
	GlobalSection(SolutionConfigurationPlatforms) = preSolution
		Debug|Any CPU = Debug|Any CPU
		Release|Any CPU = Release|Any CPU
	EndGlobalSection
	GlobalSection(ProjectConfigurationPlatforms) = postSolution
		{FC137338-4263-44BC-90B5-6F958A7E0297}.Debug|Any CPU.ActiveCfg = Debug|Any CPU
		{FC137338-4263-44BC-90B5-6F958A7E0297}.Debug|Any CPU.Build.0 = Debug|Any CPU
		{FC137338-4263-44BC-90B5-6F958A7E0297}.Release|Any CPU.ActiveCfg = Release|Any CPU
		{FC137338-4263-44BC-90B5-6F958A7E0297}.Release|Any CPU.Build.0 = Release|Any CPU
		{0030ED71-9318-4A53-90CF-4CB5D366DA34}.Debug|Any CPU.ActiveCfg = Debug|Any CPU
		{0030ED71-9318-4A53-90CF-4CB5D366DA34}.Debug|Any CPU.Build.0 = Debug|Any CPU
		{0030ED71-9318-4A53-90CF-4CB5D366DA34}.Release|Any CPU.ActiveCfg = Release|Any CPU
		{0030ED71-9318-4A53-90CF-4CB5D366DA34}.Release|Any CPU.Build.0 = Release|Any CPU
	EndGlobalSection
EndGlobal
